<?xml version="1.0" encoding="UTF-8" standalone="yes" ?>
<CodeBlocks_project_file>
	<FileVersion major="1" minor="6" />
	<Project>
		<Option title="WorldBuilder" />
		<Option pch_mode="2" />
		<Option compiler="gcc" />
		<Build>
			<Target title="Debug">
				<Option output="bin/Debug/WorldBuilder" prefix_auto="1" extension_auto="1" />
				<Option object_output="obj/Debug/" />
				<Option type="1" />
				<Option compiler="gcc" />
				<Compiler>
					<Add option="-g" />
				</Compiler>
				<Linker>
					<Add directory="libs/Debug/Linux" />
				</Linker>
			</Target>
			<Target title="Release">
				<Option output="bin/Release/WorldBuilder" prefix_auto="1" extension_auto="1" />
				<Option object_output="obj/Release/" />
				<Option type="0" />
				<Option compiler="gcc" />
				<Compiler>
					<Add option="-O2" />
				</Compiler>
				<Linker>
					<Add option="-s" />
					<Add directory="libs/Release/Linux" />
				</Linker>
			</Target>
		</Build>
		<Compiler>
			<Add option="-Wall" />
			<Add directory="/usr/include/ni" />
			<Add directory="/usr/include/nite" />
			<Add directory="GeometricTools" />
		</Compiler>
		<Linker>
			<Add library="GL" />
			<Add library="X11" />
			<Add library="/usr/lib64/libglut.so" />
			<Add library="/usr/lib64/libOpenNI.so" />
			<Add library="libWm5GlxApplication.a" />
			<Add library="libWm5GlxGraphics.a" />
			<Add library="libWm5Imagics.a" />
			<Add library="libWm5Physics.a" />
			<Add library="libWm5Mathematics.a" />
			<Add library="libWm5Core.a" />
		</Linker>
		<Unit filename="Config.xml" />
		<Unit filename="OpenNISkeleton.cpp" />
		<Unit filename="OpenNISkeleton.h" />
		<Unit filename="SceneDrawer.cpp">
			<Option target="&lt;{~None~}&gt;" />
		</Unit>
		<Unit filename="SceneDrawer.h">
			<Option target="&lt;{~None~}&gt;" />
		</Unit>
		<Unit filename="WorldWindow.cpp" />
		<Unit filename="WorldWindow.h" />
		<Unit filename="main.cpp" />
		<Extensions>
			<envvars />
			<code_completion />
			<debugger />
			<lib_finder disable_auto="1" />
		</Extensions>
	</Project>
</CodeBlocks_project_file>
